Microsoft Visual Studio Solution File, Format Version 10.00
# Visual Studio 2008
Project("{8BC9CEB8-8B4A-11D0-8D11-00A0C91BC942}") = "libevent", "libevent.vcproj", "{299FF863-6648-469D-98B3-5602BB48975F}"
EndProject
Global
	GlobalSection(SolutionConfigurationPlatforms) = preSolution
		Debug|Win32 = Debug|Win32
		Release|Win32 = Release|Win32
	EndGlobalSection
	GlobalSection(ProjectConfigurationPlatforms) = postSolution
		{299FF863-6648-469D-98B3-5602BB48975F}.Debug|Win32.ActiveCfg = Debug|Win32
		{299FF863-6648-469D-98B3-5602BB48975F}.Debug|Win32.Build.0 = Debug|Win32
		{299FF863-6648-469D-98B3-5602BB48975F}.Release|Win32.ActiveCfg = Release|Win32
		{299FF863-6648-469D-98B3-5602BB48975F}.Release|Win32.Build.0 = Release|Win32
	EndGlobalSection
	GlobalSection(SolutionProperties) = preSolution
		HideSolutionNode = FALSE
	EndGlobalSection
EndGlobal
